
Microsoft Visual Studio Solution File, Format Version 12.00
# Visual Studio Version 16
VisualStudioVersion = 16.0.31624.102
MinimumVisualStudioVersion = 10.0.40219.1
Project("{FAE04EC0-301F-11D3-BF4B-00C04F79EFBC}") = "Webbanraucu_Ass", "Webbanraucu_Ass\Webbanraucu_Ass.csproj", "{9759C490-32D5-49F0-912C-E7C9C3C32324}"
EndProject
Global
	GlobalSection(SolutionConfigurationPlatforms) = preSolution
		Debug|Any CPU = Debug|Any CPU
		Release|Any CPU = Release|Any CPU
	EndGlobalSection
	GlobalSection(ProjectConfigurationPlatforms) = postSolution
		{9759C490-32D5-49F0-912C-E7C9C3C32324}.Debug|Any CPU.ActiveCfg = Debug|Any CPU
		{9759C490-32D5-49F0-912C-E7C9C3C32324}.Debug|Any CPU.Build.0 = Debug|Any CPU
		{9759C490-32D5-49F0-912C-E7C9C3C32324}.Release|Any CPU.ActiveCfg = Release|Any CPU
		{9759C490-32D5-49F0-912C-E7C9C3C32324}.Release|Any CPU.Build.0 = Release|Any CPU
	EndGlobalSection
	GlobalSection(SolutionProperties) = preSolution
		HideSolutionNode = FALSE
	EndGlobalSection
	GlobalSection(ExtensibilityGlobals) = postSolution
		SolutionGuid = {A78F2092-F056-4094-A3E9-FB37E190E0C4}
	EndGlobalSection
EndGlobal
